
Microsoft Visual Studio Solution File, Format Version 12.00
# Visual Studio Version 17
VisualStudioVersion = 17.1.32328.378
MinimumVisualStudioVersion = 10.0.40219.1
Project("{9A19103F-16F7-4668-BE54-9A1E7A4F7556}") = "Heroes", "Heroes\Heroes.csproj", "{F4875E60-8877-4E08-8FE5-75F90041400A}"
EndProject
Project("{FAE04EC0-301F-11D3-BF4B-00C04F79EFBC}") = "EFCore.Domain", "EFCore.Domain\EFCore.Domain.csproj", "{E44A5988-7854-4BBF-8D66-83B51D22E09E}"
EndProject
Project("{FAE04EC0-301F-11D3-BF4B-00C04F79EFBC}") = "EFCore.Repository", "EFCore.Repository\EFCore.Repository.csproj", "{00E93615-52D9-42A5-8621-942126814331}"
EndProject
Global
	GlobalSection(SolutionConfigurationPlatforms) = preSolution
		Debug|Any CPU = Debug|Any CPU
		Release|Any CPU = Release|Any CPU
	EndGlobalSection
	GlobalSection(ProjectConfigurationPlatforms) = postSolution
		{F4875E60-8877-4E08-8FE5-75F90041400A}.Debug|Any CPU.ActiveCfg = Debug|Any CPU
		{F4875E60-8877-4E08-8FE5-75F90041400A}.Debug|Any CPU.Build.0 = Debug|Any CPU
		{F4875E60-8877-4E08-8FE5-75F90041400A}.Release|Any CPU.ActiveCfg = Release|Any CPU
		{F4875E60-8877-4E08-8FE5-75F90041400A}.Release|Any CPU.Build.0 = Release|Any CPU
		{E44A5988-7854-4BBF-8D66-83B51D22E09E}.Debug|Any CPU.ActiveCfg = Debug|Any CPU
		{E44A5988-7854-4BBF-8D66-83B51D22E09E}.Debug|Any CPU.Build.0 = Debug|Any CPU
		{E44A5988-7854-4BBF-8D66-83B51D22E09E}.Release|Any CPU.ActiveCfg = Release|Any CPU
		{E44A5988-7854-4BBF-8D66-83B51D22E09E}.Release|Any CPU.Build.0 = Release|Any CPU
		{00E93615-52D9-42A5-8621-942126814331}.Debug|Any CPU.ActiveCfg = Debug|Any CPU
		{00E93615-52D9-42A5-8621-942126814331}.Debug|Any CPU.Build.0 = Debug|Any CPU
		{00E93615-52D9-42A5-8621-942126814331}.Release|Any CPU.ActiveCfg = Release|Any CPU
		{00E93615-52D9-42A5-8621-942126814331}.Release|Any CPU.Build.0 = Release|Any CPU
	EndGlobalSection
	GlobalSection(SolutionProperties) = preSolution
		HideSolutionNode = FALSE
	EndGlobalSection
	GlobalSection(ExtensibilityGlobals) = postSolution
		SolutionGuid = {2AF6C68B-BEB7-4DCC-BD45-972ACBD938A5}
	EndGlobalSection
EndGlobal
